{
  "name": "flower show",
  "lockfileVersion": 3,
  "requires": true,
  "packages": {
    "": {
      "dependencies": {
        "floating.js": "^2.7.4"
      }
    },
    "node_modules/floating.js": {
      "version": "2.7.4",
      "resolved": "https://registry.npmjs.org/floating.js/-/floating.js-2.7.4.tgz",
      "integrity": "sha512-tN30N5oI+nZcz/ONk4VlVys9nTclGPV2BvQjUGG7MM1q6XBrZpNUOJMHy54tmo25W4Bt0O84fun44zC+87xsNQ==",
      "license": "Apache-2.0"
    }
  }
}
